
Microsoft Visual Studio Solution File, Format Version 12.00
# Visual Studio 2012
Project("{FAE04EC0-301F-11D3-BF4B-00C04F79EFBC}") = "LogAn", "LogAn\LogAn.csproj", "{76B334AA-96D9-41B8-ACA6-F5F86FB78C51}"
EndProject
Project("{FAE04EC0-301F-11D3-BF4B-00C04F79EFBC}") = "LogAn.UnitTests", "LogAn.UnitTests\LogAn.UnitTests.csproj", "{6E439522-E712-4415-8702-314F89F94219}"
EndProject
Global
	GlobalSection(SolutionConfigurationPlatforms) = preSolution
		Debug|Any CPU = Debug|Any CPU
		Release|Any CPU = Release|Any CPU
	EndGlobalSection
	GlobalSection(ProjectConfigurationPlatforms) = postSolution
		{76B334AA-96D9-41B8-ACA6-F5F86FB78C51}.Debug|Any CPU.ActiveCfg = Debug|Any CPU
		{76B334AA-96D9-41B8-ACA6-F5F86FB78C51}.Debug|Any CPU.Build.0 = Debug|Any CPU
		{76B334AA-96D9-41B8-ACA6-F5F86FB78C51}.Release|Any CPU.ActiveCfg = Release|Any CPU
		{76B334AA-96D9-41B8-ACA6-F5F86FB78C51}.Release|Any CPU.Build.0 = Release|Any CPU
		{6E439522-E712-4415-8702-314F89F94219}.Debug|Any CPU.ActiveCfg = Debug|Any CPU
		{6E439522-E712-4415-8702-314F89F94219}.Debug|Any CPU.Build.0 = Debug|Any CPU
		{6E439522-E712-4415-8702-314F89F94219}.Release|Any CPU.ActiveCfg = Release|Any CPU
		{6E439522-E712-4415-8702-314F89F94219}.Release|Any CPU.Build.0 = Release|Any CPU
	EndGlobalSection
EndGlobal
